// !$*UTF8*$!
{
	archiveVersion = 1;
	classes = {
	};
	objectVersion = 46;
	objects = {

/* Begin PBXBuildFile section */
		471CA2F91E79B2CD00E6BDE3 /* ComplexClassTestingList.cpp in Sources */ = {isa = PBXBuildFile; fileRef = 471CA2F41E79B2CD00E6BDE3 /* ComplexClassTestingList.cpp */; };
		471CA2FA1E79B2CD00E6BDE3 /* Fraction.cpp in Sources */ = {isa = PBXBuildFile; fileRef = 471CA2F51E79B2CD00E6BDE3 /* Fraction.cpp */; };
		471CA2FB1E79B2CD00E6BDE3 /* TimeTestingList.cpp in Sources */ = {isa = PBXBuildFile; fileRef = 471CA2F81E79B2CD00E6BDE3 /* TimeTestingList.cpp */; };
/* End PBXBuildFile section */

/* Begin PBXCopyFilesBuildPhase section */
		471CA2E01E79B1AE00E6BDE3 /* CopyFiles */ = {
			isa = PBXCopyFilesBuildPhase;
			buildActionMask = 2147483647;
			dstPath = /usr/share/man/man1/;
			dstSubfolderSpec = 0;
			files = (
			);
			runOnlyForDeploymentPostprocessing = 1;
		};
/* End PBXCopyFilesBuildPhase section */

/* Begin PBXFileReference section */
		471CA2E21E79B1AE00E6BDE3 /* DLinkedList */ = {isa = PBXFileReference; explicitFileType = "compiled.mach-o.executable"; includeInIndex = 0; path = DLinkedList; sourceTree = BUILT_PRODUCTS_DIR; };
		471CA2F41E79B2CD00E6BDE3 /* ComplexClassTestingList.cpp */ = {isa = PBXFileReference; explicitFileType = sourcecode.cpp.cpp; fileEncoding = 4; name = ComplexClassTestingList.cpp; path = "../NList Files/ComplexClassTestingList.cpp"; sourceTree = "<group>"; };
		471CA2F51E79B2CD00E6BDE3 /* Fraction.cpp */ = {isa = PBXFileReference; explicitFileType = sourcecode.cpp.cpp; fileEncoding = 4; name = Fraction.cpp; path = "../NList Files/Fraction.cpp"; sourceTree = "<group>"; };
		471CA2F61E79B2CD00E6BDE3 /* Fraction.hpp */ = {isa = PBXFileReference; explicitFileType = sourcecode.cpp.h; fileEncoding = 4; name = Fraction.hpp; path = "../NList Files/Fraction.hpp"; sourceTree = "<group>"; };
		471CA2F71E79B2CD00E6BDE3 /* NList.hpp */ = {isa = PBXFileReference; explicitFileType = sourcecode.cpp.h; fileEncoding = 4; name = NList.hpp; path = "../NList Files/NList.hpp"; sourceTree = "<group>"; };
		471CA2F81E79B2CD00E6BDE3 /* TimeTestingList.cpp */ = {isa = PBXFileReference; explicitFileType = sourcecode.cpp.cpp; fileEncoding = 4; name = TimeTestingList.cpp; path = "../NList Files/TimeTestingList.cpp"; sourceTree = "<group>"; };
/* End PBXFileReference section */

/* Begin PBXFrameworksBuildPhase section */
		471CA2DF1E79B1AE00E6BDE3 /* Frameworks */ = {
			isa = PBXFrameworksBuildPhase;
			buildActionMask = 2147483647;
			files = (
			);
			runOnlyForDeploymentPostprocessing = 0;
		};
/* End PBXFrameworksBuildPhase section */

/* Begin PBXGroup section */
		471CA2D91E79B1AE00E6BDE3 = {
			isa = PBXGroup;
			children = (
				471CA2F41E79B2CD00E6BDE3 /* ComplexClassTestingList.cpp */,
				471CA2F51E79B2CD00E6BDE3 /* Fraction.cpp */,
				471CA2F61E79B2CD00E6BDE3 /* Fraction.hpp */,
				471CA2F71E79B2CD00E6BDE3 /* NList.hpp */,
				471CA2F81E79B2CD00E6BDE3 /* TimeTestingList.cpp */,
				471CA2E31E79B1AE00E6BDE3 /* Products */,
			);
			sourceTree = "<group>";
		};
		471CA2E31E79B1AE00E6BDE3 /* Products */ = {
			isa = PBXGroup;
			children = (
				471CA2E21E79B1AE00E6BDE3 /* DLinkedList */,
			);
			name = Products;
			sourceTree = "<group>";
		};
/* End PBXGroup section */

/* Begin PBXNativeTarget section */
		471CA2E11E79B1AE00E6BDE3 /* DLinkedList */ = {
			isa = PBXNativeTarget;
			buildConfigurationList = 471CA2E91E79B1AF00E6BDE3 /* Build configuration list for PBXNativeTarget "DLinkedList" */;
			buildPhases = (
				471CA2DE1E79B1AE00E6BDE3 /* Sources */,
				471CA2DF1E79B1AE00E6BDE3 /* Frameworks */,
				471CA2E01E79B1AE00E6BDE3 /* CopyFiles */,
			);
			buildRules = (
			);
			dependencies = (
			);
			name = DLinkedList;
			productName = DLinkedList;
			productReference = 471CA2E21E79B1AE00E6BDE3 /* DLinkedList */;
			productType = "com.apple.product-type.tool";
		};
/* End PBXNativeTarget section */

/* Begin PBXProject section */
		471CA2DA1E79B1AE00E6BDE3 /* Project object */ = {
			isa = PBXProject;
			attributes = {
				LastUpgradeCheck = 0820;
				ORGANIZATIONNAME = "Christian Broms";
				TargetAttributes = {
					471CA2E11E79B1AE00E6BDE3 = {
						CreatedOnToolsVersion = 8.2.1;
						ProvisioningStyle = Automatic;
					};
				};
			};
			buildConfigurationList = 471CA2DD1E79B1AE00E6BDE3 /* Build configuration list for PBXProject "DLinkedList" */;
			compatibilityVersion = "Xcode 3.2";
			developmentRegion = English;
			hasScannedForEncodings = 0;
			knownRegions = (
				en,
			);
			mainGroup = 471CA2D91E79B1AE00E6BDE3;
			productRefGroup = 471CA2E31E79B1AE00E6BDE3 /* Products */;
			projectDirPath = "";
			projectRoot = "";
			targets = (
				471CA2E11E79B1AE00E6BDE3 /* DLinkedList */,
			);
		};
/* End PBXProject section */

/* Begin PBXSourcesBuildPhase section */
		471CA2DE1E79B1AE00E6BDE3 /* Sources */ = {
			isa = PBXSourcesBuildPhase;
			buildActionMask = 2147483647;
			files = (
				471CA2FB1E79B2CD00E6BDE3 /* TimeTestingList.cpp in Sources */,
				471CA2F91E79B2CD00E6BDE3 /* ComplexClassTestingList.cpp in Sources */,
				471CA2FA1E79B2CD00E6BDE3 /* Fraction.cpp in Sources */,
			);
			runOnlyForDeploymentPostprocessing = 0;
		};
/* End PBXSourcesBuildPhase section */

/* Begin XCBuildConfiguration section */
		471CA2E71E79B1AF00E6BDE3 /* Debug */ = {
			isa = XCBuildConfiguration;
			buildSettings = {
				ALWAYS_SEARCH_USER_PATHS = NO;
				CLANG_ANALYZER_NONNULL = YES;
				CLANG_CXX_LANGUAGE_STANDARD = "gnu++0x";
				CLANG_CXX_LIBRARY = "libc++";
				CLANG_ENABLE_MODULES = YES;
				CLANG_ENABLE_OBJC_ARC = YES;
				CLANG_WARN_BOOL_CONVERSION = YES;
				CLANG_WARN_CONSTANT_CONVERSION = YES;
				CLANG_WARN_DIRECT_OBJC_ISA_USAGE = YES_ERROR;
				CLANG_WARN_DOCUMENTATION_COMMENTS = YES;
				CLANG_WARN_EMPTY_BODY = YES;
				CLANG_WARN_ENUM_CONVERSION = YES;
				CLANG_WARN_INFINITE_RECURSION = YES;
				CLANG_WARN_INT_CONVERSION = YES;
				CLANG_WARN_OBJC_ROOT_CLASS = YES_ERROR;
				CLANG_WARN_SUSPICIOUS_MOVE = YES;
				CLANG_WARN_UNREACHABLE_CODE = YES;
				CLANG_WARN__DUPLICATE_METHOD_MATCH = YES;
				CODE_SIGN_IDENTITY = "-";
				COPY_PHASE_STRIP = NO;
				DEBUG_INFORMATION_FORMAT = dwarf;
				ENABLE_STRICT_OBJC_MSGSEND = YES;
				ENABLE_TESTABILITY = YES;
				GCC_C_LANGUAGE_STANDARD = gnu99;
				GCC_DYNAMIC_NO_PIC = NO;
				GCC_NO_COMMON_BLOCKS = YES;
				GCC_OPTIMIZATION_LEVEL = 0;
				GCC_PREPROCESSOR_DEFINITIONS = (
					"DEBUG=1",
					"$(inherited)",
				);
				GCC_WARN_64_TO_32_BIT_CONVERSION = YES;
				GCC_WARN_ABOUT_RETURN_TYPE = YES_ERROR;
				GCC_WARN_UNDECLARED_SELECTOR = YES;
				GCC_WARN_UNINITIALIZED_AUTOS = YES_AGGRESSIVE;
				GCC_WARN_UNUSED_FUNCTION = YES;
				GCC_WARN_UNUSED_VARIABLE = YES;
				MACOSX_DEPLOYMENT_TARGET = 10.12;
				MTL_ENABLE_DEBUG_INFO = YES;
				ONLY_ACTIVE_ARCH = YES;
				SDKROOT = macosx;
			};
			name = Debug;
		};
		471CA2E81E79B1AF00E6BDE3 /* Release */ = {
			isa = XCBuildConfiguration;
			buildSettings = {
				ALWAYS_SEARCH_USER_PATHS = NO;
				CLANG_ANALYZER_NONNULL = YES;
				CLANG_CXX_LANGUAGE_STANDARD = "gnu++0x";
				CLANG_CXX_LIBRARY = "libc++";
				CLANG_ENABLE_MODULES = YES;
				CLANG_ENABLE_OBJC_ARC = YES;
				CLANG_WARN_BOOL_CONVERSION = YES;
				CLANG_WARN_CONSTANT_CONVERSION = YES;
				CLANG_WARN_DIRECT_OBJC_ISA_USAGE = YES_ERROR;
				CLANG_WARN_DOCUMENTATION_COMMENTS = YES;
				CLANG_WARN_EMPTY_BODY = YES;
				CLANG_WARN_ENUM_CONVERSION = YES;
				CLANG_WARN_INFINITE_RECURSION = YES;
				CLANG_WARN_INT_CONVERSION = YES;
				CLANG_WARN_OBJC_ROOT_CLASS = YES_ERROR;
				CLANG_WARN_SUSPICIOUS_MOVE = YES;
				CLANG_WARN_UNREACHABLE_CODE = YES;
				CLANG_WARN__DUPLICATE_METHOD_MATCH = YES;
				CODE_SIGN_IDENTITY = "-";
				COPY_PHASE_STRIP = NO;
				DEBUG_INFORMATION_FORMAT = "dwarf-with-dsym";
				ENABLE_NS_ASSERTIONS = NO;
				ENABLE_STRICT_OBJC_MSGSEND = YES;
				GCC_C_LANGUAGE_STANDARD = gnu99;
				GCC_NO_COMMON_BLOCKS = YES;
				GCC_WARN_64_TO_32_BIT_CONVERSION = YES;
				GCC_WARN_ABOUT_RETURN_TYPE = YES_ERROR;
				GCC_WARN_UNDECLARED_SELECTOR = YES;
				GCC_WARN_UNINITIALIZED_AUTOS = YES_AGGRESSIVE;
				GCC_WARN_UNUSED_FUNCTION = YES;
				GCC_WARN_UNUSED_VARIABLE = YES;
				MACOSX_DEPLOYMENT_TARGET = 10.12;
				MTL_ENABLE_DEBUG_INFO = NO;
				SDKROOT = macosx;
			};
			name = Release;
		};
		471CA2EA1E79B1AF00E6BDE3 /* Debug */ = {
			isa = XCBuildConfiguration;
			buildSettings = {
				PRODUCT_NAME = "$(TARGET_NAME)";
			};
			name = Debug;
		};
		471CA2EB1E79B1AF00E6BDE3 /* Release */ = {
			isa = XCBuildConfiguration;
			buildSettings = {
				PRODUCT_NAME = "$(TARGET_NAME)";
			};
			name = Release;
		};
/* End XCBuildConfiguration section */

/* Begin XCConfigurationList section */
		471CA2DD1E79B1AE00E6BDE3 /* Build configuration list for PBXProject "DLinkedList" */ = {
			isa = XCConfigurationList;
			buildConfigurations = (
				471CA2E71E79B1AF00E6BDE3 /* Debug */,
				471CA2E81E79B1AF00E6BDE3 /* Release */,
			);
			defaultConfigurationIsVisible = 0;
			defaultConfigurationName = Release;
		};
		471CA2E91E79B1AF00E6BDE3 /* Build configuration list for PBXNativeTarget "DLinkedList" */ = {
			isa = XCConfigurationList;
			buildConfigurations = (
				471CA2EA1E79B1AF00E6BDE3 /* Debug */,
				471CA2EB1E79B1AF00E6BDE3 /* Release */,
			);
			defaultConfigurationIsVisible = 0;
			defaultConfigurationName = Release;
		};
/* End XCConfigurationList section */
	};
	rootObject = 471CA2DA1E79B1AE00E6BDE3 /* Project object */;
}
